
Microsoft Visual Studio Solution File, Format Version 12.00
# Visual Studio Version 16
VisualStudioVersion = 16.0.31515.178
MinimumVisualStudioVersion = 10.0.40219.1
Project("{9A19103F-16F7-4668-BE54-9A1E7A4F7556}") = "AssignmentForMemeberManagement", "AssignmentForMemeberManagement.csproj", "{FBFC4866-CC39-4730-84D3-0AE5C11B4FC7}"
EndProject
Project("{2150E333-8FDC-42A3-9474-1A3956D46DE8}") = "Data", "Data", "{A80D0A0E-6E9F-4A5D-8BFB-E0578318D7B3}"
EndProject
Project("{9A19103F-16F7-4668-BE54-9A1E7A4F7556}") = "Data", "..\Data\Data.csproj", "{7C880E16-13AB-46E1-A90A-11ABED24963C}"
EndProject
Project("{2150E333-8FDC-42A3-9474-1A3956D46DE8}") = "Authentication", "Authentication", "{06B47327-02BD-453E-89B6-E9A25B1055A8}"
EndProject
Project("{9A19103F-16F7-4668-BE54-9A1E7A4F7556}") = "AuthenticateService", "..\AuthenticateService\AuthenticateService.csproj", "{FAB9C53C-7B48-47D4-BBB4-29E771EA725F}"
EndProject
Project("{2150E333-8FDC-42A3-9474-1A3956D46DE8}") = "Repository", "Repository", "{88B05E0E-8707-459C-B3EE-BD12DB260DA0}"
EndProject
Project("{9A19103F-16F7-4668-BE54-9A1E7A4F7556}") = "MemberRepository", "..\MemberRepository\MemberRepository.csproj", "{5D7AD87C-57A6-497E-8370-A9C4E1342792}"
EndProject
Project("{2150E333-8FDC-42A3-9474-1A3956D46DE8}") = "Common", "Common", "{1F1B978B-2B7A-48A3-90FC-58860189CE8A}"
EndProject
Project("{9A19103F-16F7-4668-BE54-9A1E7A4F7556}") = "Common", "..\Common\Common.csproj", "{5427CB53-B3DA-44B5-B455-A7AE01CB18A4}"
EndProject
Project("{9A19103F-16F7-4668-BE54-9A1E7A4F7556}") = "TokenRepository", "..\TokenRepository\TokenRepository.csproj", "{C39B4193-5297-4384-A28D-B06C566E2E06}"
EndProject
Project("{2150E333-8FDC-42A3-9474-1A3956D46DE8}") = "Modules", "Modules", "{C2A1BBE1-1D69-4E30-A0A3-AC409EE9DDDC}"
EndProject
Project("{FAE04EC0-301F-11D3-BF4B-00C04F79EFBC}") = "MemberService", "..\MemberService\MemberService.csproj", "{DA6EBA3D-0046-4729-80D2-93A5CA866126}"
EndProject
Global
	GlobalSection(SolutionConfigurationPlatforms) = preSolution
		Debug|Any CPU = Debug|Any CPU
		Release|Any CPU = Release|Any CPU
	EndGlobalSection
	GlobalSection(ProjectConfigurationPlatforms) = postSolution
		{FBFC4866-CC39-4730-84D3-0AE5C11B4FC7}.Debug|Any CPU.ActiveCfg = Debug|Any CPU
		{FBFC4866-CC39-4730-84D3-0AE5C11B4FC7}.Debug|Any CPU.Build.0 = Debug|Any CPU
		{FBFC4866-CC39-4730-84D3-0AE5C11B4FC7}.Release|Any CPU.ActiveCfg = Release|Any CPU
		{FBFC4866-CC39-4730-84D3-0AE5C11B4FC7}.Release|Any CPU.Build.0 = Release|Any CPU
		{7C880E16-13AB-46E1-A90A-11ABED24963C}.Debug|Any CPU.ActiveCfg = Debug|Any CPU
		{7C880E16-13AB-46E1-A90A-11ABED24963C}.Debug|Any CPU.Build.0 = Debug|Any CPU
		{7C880E16-13AB-46E1-A90A-11ABED24963C}.Release|Any CPU.ActiveCfg = Release|Any CPU
		{7C880E16-13AB-46E1-A90A-11ABED24963C}.Release|Any CPU.Build.0 = Release|Any CPU
		{FAB9C53C-7B48-47D4-BBB4-29E771EA725F}.Debug|Any CPU.ActiveCfg = Debug|Any CPU
		{FAB9C53C-7B48-47D4-BBB4-29E771EA725F}.Debug|Any CPU.Build.0 = Debug|Any CPU
		{FAB9C53C-7B48-47D4-BBB4-29E771EA725F}.Release|Any CPU.ActiveCfg = Release|Any CPU
		{FAB9C53C-7B48-47D4-BBB4-29E771EA725F}.Release|Any CPU.Build.0 = Release|Any CPU
		{5D7AD87C-57A6-497E-8370-A9C4E1342792}.Debug|Any CPU.ActiveCfg = Debug|Any CPU
		{5D7AD87C-57A6-497E-8370-A9C4E1342792}.Debug|Any CPU.Build.0 = Debug|Any CPU
		{5D7AD87C-57A6-497E-8370-A9C4E1342792}.Release|Any CPU.ActiveCfg = Release|Any CPU
		{5D7AD87C-57A6-497E-8370-A9C4E1342792}.Release|Any CPU.Build.0 = Release|Any CPU
		{5427CB53-B3DA-44B5-B455-A7AE01CB18A4}.Debug|Any CPU.ActiveCfg = Debug|Any CPU
		{5427CB53-B3DA-44B5-B455-A7AE01CB18A4}.Debug|Any CPU.Build.0 = Debug|Any CPU
		{5427CB53-B3DA-44B5-B455-A7AE01CB18A4}.Release|Any CPU.ActiveCfg = Release|Any CPU
		{5427CB53-B3DA-44B5-B455-A7AE01CB18A4}.Release|Any CPU.Build.0 = Release|Any CPU
		{C39B4193-5297-4384-A28D-B06C566E2E06}.Debug|Any CPU.ActiveCfg = Debug|Any CPU
		{C39B4193-5297-4384-A28D-B06C566E2E06}.Debug|Any CPU.Build.0 = Debug|Any CPU
		{C39B4193-5297-4384-A28D-B06C566E2E06}.Release|Any CPU.ActiveCfg = Release|Any CPU
		{C39B4193-5297-4384-A28D-B06C566E2E06}.Release|Any CPU.Build.0 = Release|Any CPU
		{DA6EBA3D-0046-4729-80D2-93A5CA866126}.Debug|Any CPU.ActiveCfg = Debug|Any CPU
		{DA6EBA3D-0046-4729-80D2-93A5CA866126}.Debug|Any CPU.Build.0 = Debug|Any CPU
		{DA6EBA3D-0046-4729-80D2-93A5CA866126}.Release|Any CPU.ActiveCfg = Release|Any CPU
		{DA6EBA3D-0046-4729-80D2-93A5CA866126}.Release|Any CPU.Build.0 = Release|Any CPU
	EndGlobalSection
	GlobalSection(SolutionProperties) = preSolution
		HideSolutionNode = FALSE
	EndGlobalSection
	GlobalSection(NestedProjects) = preSolution
		{7C880E16-13AB-46E1-A90A-11ABED24963C} = {A80D0A0E-6E9F-4A5D-8BFB-E0578318D7B3}
		{FAB9C53C-7B48-47D4-BBB4-29E771EA725F} = {06B47327-02BD-453E-89B6-E9A25B1055A8}
		{5D7AD87C-57A6-497E-8370-A9C4E1342792} = {88B05E0E-8707-459C-B3EE-BD12DB260DA0}
		{5427CB53-B3DA-44B5-B455-A7AE01CB18A4} = {1F1B978B-2B7A-48A3-90FC-58860189CE8A}
		{C39B4193-5297-4384-A28D-B06C566E2E06} = {88B05E0E-8707-459C-B3EE-BD12DB260DA0}
		{DA6EBA3D-0046-4729-80D2-93A5CA866126} = {C2A1BBE1-1D69-4E30-A0A3-AC409EE9DDDC}
	EndGlobalSection
	GlobalSection(ExtensibilityGlobals) = postSolution
		SolutionGuid = {E6BFE41D-4172-400F-9EAB-4B8BE7A2ABD6}
	EndGlobalSection
EndGlobal
